
Microsoft Visual Studio Solution File, Format Version 12.00
# Visual Studio 2013
VisualStudioVersion = 12.0.21005.1
MinimumVisualStudioVersion = 10.0.40219.1
Project("{FAE04EC0-301F-11D3-BF4B-00C04F79EFBC}") = "QuanLyNhaXe", "QuanLyNhaXe\QuanLyNhaXe.csproj", "{1144E01C-F4A0-4E7E-8916-89F556CF88B3}"
EndProject
Project("{FAE04EC0-301F-11D3-BF4B-00C04F79EFBC}") = "Helpers", "Helpers\Helpers.csproj", "{F914502D-38F6-45BC-AEFF-B92A19A6738F}"
EndProject
Global
	GlobalSection(SolutionConfigurationPlatforms) = preSolution
		Debug|Any CPU = Debug|Any CPU
		Release|Any CPU = Release|Any CPU
	EndGlobalSection
	GlobalSection(ProjectConfigurationPlatforms) = postSolution
		{1144E01C-F4A0-4E7E-8916-89F556CF88B3}.Debug|Any CPU.ActiveCfg = Debug|Any CPU
		{1144E01C-F4A0-4E7E-8916-89F556CF88B3}.Debug|Any CPU.Build.0 = Debug|Any CPU
		{1144E01C-F4A0-4E7E-8916-89F556CF88B3}.Release|Any CPU.ActiveCfg = Release|Any CPU
		{1144E01C-F4A0-4E7E-8916-89F556CF88B3}.Release|Any CPU.Build.0 = Release|Any CPU
		{F914502D-38F6-45BC-AEFF-B92A19A6738F}.Debug|Any CPU.ActiveCfg = Debug|Any CPU
		{F914502D-38F6-45BC-AEFF-B92A19A6738F}.Debug|Any CPU.Build.0 = Debug|Any CPU
		{F914502D-38F6-45BC-AEFF-B92A19A6738F}.Release|Any CPU.ActiveCfg = Release|Any CPU
		{F914502D-38F6-45BC-AEFF-B92A19A6738F}.Release|Any CPU.Build.0 = Release|Any CPU
	EndGlobalSection
	GlobalSection(SolutionProperties) = preSolution
		HideSolutionNode = FALSE
	EndGlobalSection
EndGlobal
